// !$*UTF8*$!
{
	archiveVersion = 1;
	classes = {
	};
	objectVersion = 48;
	objects = {

/* Begin PBXBuildFile section */
		9B0D32311FD07F1C006F7805 /* AppDelegate.swift in Sources */ = {isa = PBXBuildFile; fileRef = 9B0D32301FD07F1C006F7805 /* AppDelegate.swift */; };
		9B0D32331FD07F1C006F7805 /* HomeVC.swift in Sources */ = {isa = PBXBuildFile; fileRef = 9B0D32321FD07F1C006F7805 /* HomeVC.swift */; };
		9B0D32361FD07F1C006F7805 /* Main.storyboard in Resources */ = {isa = PBXBuildFile; fileRef = 9B0D32341FD07F1C006F7805 /* Main.storyboard */; };
		9B0D32381FD07F1C006F7805 /* Assets.xcassets in Resources */ = {isa = PBXBuildFile; fileRef = 9B0D32371FD07F1C006F7805 /* Assets.xcassets */; };
		9B0D323B1FD07F1C006F7805 /* LaunchScreen.storyboard in Resources */ = {isa = PBXBuildFile; fileRef = 9B0D32391FD07F1C006F7805 /* LaunchScreen.storyboard */; };
		9B0D32461FD08D96006F7805 /* GradientView.swift in Sources */ = {isa = PBXBuildFile; fileRef = 9B0D32451FD08D96006F7805 /* GradientView.swift */; };
		9B0D32481FD091C9006F7805 /* RoundImageView.swift in Sources */ = {isa = PBXBuildFile; fileRef = 9B0D32471FD091C9006F7805 /* RoundImageView.swift */; };
		9B0D324A1FD0925C006F7805 /* RoundedShadowView.swift in Sources */ = {isa = PBXBuildFile; fileRef = 9B0D32491FD0925C006F7805 /* RoundedShadowView.swift */; };
		9B0D324C1FD09305006F7805 /* CircleView.swift in Sources */ = {isa = PBXBuildFile; fileRef = 9B0D324B1FD09305006F7805 /* CircleView.swift */; };
		9B0D324E1FD0946A006F7805 /* RoundedShadowButton.swift in Sources */ = {isa = PBXBuildFile; fileRef = 9B0D324D1FD0946A006F7805 /* RoundedShadowButton.swift */; };
		9B0D32501FD0A0FD006F7805 /* MenuVC.swift in Sources */ = {isa = PBXBuildFile; fileRef = 9B0D324F1FD0A0FD006F7805 /* MenuVC.swift */; };
		9B0D32521FD0A165006F7805 /* ContainerVC.swift in Sources */ = {isa = PBXBuildFile; fileRef = 9B0D32511FD0A165006F7805 /* ContainerVC.swift */; };
		9B0D32551FD0A39C006F7805 /* CenterVCDelegate.swift in Sources */ = {isa = PBXBuildFile; fileRef = 9B0D32541FD0A39C006F7805 /* CenterVCDelegate.swift */; };
		9B0D32581FD0D65E006F7805 /* UIViewExt.swift in Sources */ = {isa = PBXBuildFile; fileRef = 9B0D32571FD0D65E006F7805 /* UIViewExt.swift */; };
		9B0D325A1FD0D84B006F7805 /* LoginVC.swift in Sources */ = {isa = PBXBuildFile; fileRef = 9B0D32591FD0D84B006F7805 /* LoginVC.swift */; };
		9B0D325C1FD0E0E3006F7805 /* RoundedTextField.swift in Sources */ = {isa = PBXBuildFile; fileRef = 9B0D325B1FD0E0E3006F7805 /* RoundedTextField.swift */; };
		9B0D325E1FD0EEAC006F7805 /* GoogleService-Info.plist in Resources */ = {isa = PBXBuildFile; fileRef = 9B0D325D1FD0EEAC006F7805 /* GoogleService-Info.plist */; };
		EA379E4B1D3FF0E5B30A20CB /* Pods_htchhkr_dev.framework in Frameworks */ = {isa = PBXBuildFile; fileRef = AF07A288654CCBD58B825653 /* Pods_htchhkr_dev.framework */; };
/* End PBXBuildFile section */

/* Begin PBXFileReference section */
		69D0F821074AF6B62FC0B5A7 /* Pods-htchhkr-dev.release.xcconfig */ = {isa = PBXFileReference; includeInIndex = 1; lastKnownFileType = text.xcconfig; name = "Pods-htchhkr-dev.release.xcconfig"; path = "Pods/Target Support Files/Pods-htchhkr-dev/Pods-htchhkr-dev.release.xcconfig"; sourceTree = "<group>"; };
		6EB3E76B9F4E323607260FAC /* Pods-htchhkr-dev.debug.xcconfig */ = {isa = PBXFileReference; includeInIndex = 1; lastKnownFileType = text.xcconfig; name = "Pods-htchhkr-dev.debug.xcconfig"; path = "Pods/Target Support Files/Pods-htchhkr-dev/Pods-htchhkr-dev.debug.xcconfig"; sourceTree = "<group>"; };
		9B0D322D1FD07F1C006F7805 /* htchhkr-dev.app */ = {isa = PBXFileReference; explicitFileType = wrapper.application; includeInIndex = 0; path = "htchhkr-dev.app"; sourceTree = BUILT_PRODUCTS_DIR; };
		9B0D32301FD07F1C006F7805 /* AppDelegate.swift */ = {isa = PBXFileReference; lastKnownFileType = sourcecode.swift; path = AppDelegate.swift; sourceTree = "<group>"; };
		9B0D32321FD07F1C006F7805 /* HomeVC.swift */ = {isa = PBXFileReference; lastKnownFileType = sourcecode.swift; path = HomeVC.swift; sourceTree = "<group>"; };
		9B0D32351FD07F1C006F7805 /* Base */ = {isa = PBXFileReference; lastKnownFileType = file.storyboard; name = Base; path = Base.lproj/Main.storyboard; sourceTree = "<group>"; };
		9B0D32371FD07F1C006F7805 /* Assets.xcassets */ = {isa = PBXFileReference; lastKnownFileType = folder.assetcatalog; path = Assets.xcassets; sourceTree = "<group>"; };
		9B0D323A1FD07F1C006F7805 /* Base */ = {isa = PBXFileReference; lastKnownFileType = file.storyboard; name = Base; path = Base.lproj/LaunchScreen.storyboard; sourceTree = "<group>"; };
		9B0D323C1FD07F1C006F7805 /* Info.plist */ = {isa = PBXFileReference; lastKnownFileType = text.plist.xml; path = Info.plist; sourceTree = "<group>"; };
		9B0D32451FD08D96006F7805 /* GradientView.swift */ = {isa = PBXFileReference; lastKnownFileType = sourcecode.swift; path = GradientView.swift; sourceTree = "<group>"; };
		9B0D32471FD091C9006F7805 /* RoundImageView.swift */ = {isa = PBXFileReference; lastKnownFileType = sourcecode.swift; path = RoundImageView.swift; sourceTree = "<group>"; };
		9B0D32491FD0925C006F7805 /* RoundedShadowView.swift */ = {isa = PBXFileReference; lastKnownFileType = sourcecode.swift; path = RoundedShadowView.swift; sourceTree = "<group>"; };
		9B0D324B1FD09305006F7805 /* CircleView.swift */ = {isa = PBXFileReference; lastKnownFileType = sourcecode.swift; path = CircleView.swift; sourceTree = "<group>"; };
		9B0D324D1FD0946A006F7805 /* RoundedShadowButton.swift */ = {isa = PBXFileReference; lastKnownFileType = sourcecode.swift; path = RoundedShadowButton.swift; sourceTree = "<group>"; };
		9B0D324F1FD0A0FD006F7805 /* MenuVC.swift */ = {isa = PBXFileReference; lastKnownFileType = sourcecode.swift; path = MenuVC.swift; sourceTree = "<group>"; };
		9B0D32511FD0A165006F7805 /* ContainerVC.swift */ = {isa = PBXFileReference; lastKnownFileType = sourcecode.swift; path = ContainerVC.swift; sourceTree = "<group>"; };
		9B0D32541FD0A39C006F7805 /* CenterVCDelegate.swift */ = {isa = PBXFileReference; lastKnownFileType = sourcecode.swift; path = CenterVCDelegate.swift; sourceTree = "<group>"; };
		9B0D32571FD0D65E006F7805 /* UIViewExt.swift */ = {isa = PBXFileReference; lastKnownFileType = sourcecode.swift; path = UIViewExt.swift; sourceTree = "<group>"; };
		9B0D32591FD0D84B006F7805 /* LoginVC.swift */ = {isa = PBXFileReference; lastKnownFileType = sourcecode.swift; path = LoginVC.swift; sourceTree = "<group>"; };
		9B0D325B1FD0E0E3006F7805 /* RoundedTextField.swift */ = {isa = PBXFileReference; lastKnownFileType = sourcecode.swift; path = RoundedTextField.swift; sourceTree = "<group>"; };
		9B0D325D1FD0EEAC006F7805 /* GoogleService-Info.plist */ = {isa = PBXFileReference; fileEncoding = 4; lastKnownFileType = text.plist.xml; path = "GoogleService-Info.plist"; sourceTree = "<group>"; };
		AF07A288654CCBD58B825653 /* Pods_htchhkr_dev.framework */ = {isa = PBXFileReference; explicitFileType = wrapper.framework; includeInIndex = 0; path = Pods_htchhkr_dev.framework; sourceTree = BUILT_PRODUCTS_DIR; };
/* End PBXFileReference section */

/* Begin PBXFrameworksBuildPhase section */
		9B0D322A1FD07F1C006F7805 /* Frameworks */ = {
			isa = PBXFrameworksBuildPhase;
			buildActionMask = 2147483647;
			files = (
				EA379E4B1D3FF0E5B30A20CB /* Pods_htchhkr_dev.framework in Frameworks */,
			);
			runOnlyForDeploymentPostprocessing = 0;
		};
/* End PBXFrameworksBuildPhase section */

/* Begin PBXGroup section */
		55C469C62DB414C667DEC483 /* Frameworks */ = {
			isa = PBXGroup;
			children = (
				AF07A288654CCBD58B825653 /* Pods_htchhkr_dev.framework */,
			);
			name = Frameworks;
			sourceTree = "<group>";
		};
		6AA9FE5F19AD1318F8AC2519 /* Pods */ = {
			isa = PBXGroup;
			children = (
				6EB3E76B9F4E323607260FAC /* Pods-htchhkr-dev.debug.xcconfig */,
				69D0F821074AF6B62FC0B5A7 /* Pods-htchhkr-dev.release.xcconfig */,
			);
			name = Pods;
			sourceTree = "<group>";
		};
		9B0D32241FD07F1C006F7805 = {
			isa = PBXGroup;
			children = (
				9B0D322F1FD07F1C006F7805 /* htchhkr-dev */,
				9B0D322E1FD07F1C006F7805 /* Products */,
				6AA9FE5F19AD1318F8AC2519 /* Pods */,
				55C469C62DB414C667DEC483 /* Frameworks */,
			);
			sourceTree = "<group>";
		};
		9B0D322E1FD07F1C006F7805 /* Products */ = {
			isa = PBXGroup;
			children = (
				9B0D322D1FD07F1C006F7805 /* htchhkr-dev.app */,
			);
			name = Products;
			sourceTree = "<group>";
		};
		9B0D322F1FD07F1C006F7805 /* htchhkr-dev */ = {
			isa = PBXGroup;
			children = (
				9B0D32561FD0D652006F7805 /* Extensions */,
				9B0D32531FD0A38F006F7805 /* Protocols */,
				9B0D32441FD08D80006F7805 /* Model */,
				9B0D32431FD08D47006F7805 /* View */,
				9B0D32421FD08531006F7805 /* Controller */,
				9B0D32301FD07F1C006F7805 /* AppDelegate.swift */,
				9B0D32341FD07F1C006F7805 /* Main.storyboard */,
				9B0D32371FD07F1C006F7805 /* Assets.xcassets */,
				9B0D32391FD07F1C006F7805 /* LaunchScreen.storyboard */,
				9B0D323C1FD07F1C006F7805 /* Info.plist */,
				9B0D325D1FD0EEAC006F7805 /* GoogleService-Info.plist */,
			);
			path = "htchhkr-dev";
			sourceTree = "<group>";
		};
		9B0D32421FD08531006F7805 /* Controller */ = {
			isa = PBXGroup;
			children = (
				9B0D32321FD07F1C006F7805 /* HomeVC.swift */,
				9B0D324F1FD0A0FD006F7805 /* MenuVC.swift */,
				9B0D32511FD0A165006F7805 /* ContainerVC.swift */,
				9B0D32591FD0D84B006F7805 /* LoginVC.swift */,
			);
			path = Controller;
			sourceTree = "<group>";
		};
		9B0D32431FD08D47006F7805 /* View */ = {
			isa = PBXGroup;
			children = (
				9B0D32451FD08D96006F7805 /* GradientView.swift */,
				9B0D32471FD091C9006F7805 /* RoundImageView.swift */,
				9B0D32491FD0925C006F7805 /* RoundedShadowView.swift */,
				9B0D324B1FD09305006F7805 /* CircleView.swift */,
				9B0D324D1FD0946A006F7805 /* RoundedShadowButton.swift */,
				9B0D325B1FD0E0E3006F7805 /* RoundedTextField.swift */,
			);
			path = View;
			sourceTree = "<group>";
		};
		9B0D32441FD08D80006F7805 /* Model */ = {
			isa = PBXGroup;
			children = (
			);
			path = Model;
			sourceTree = "<group>";
		};
		9B0D32531FD0A38F006F7805 /* Protocols */ = {
			isa = PBXGroup;
			children = (
				9B0D32541FD0A39C006F7805 /* CenterVCDelegate.swift */,
			);
			path = Protocols;
			sourceTree = "<group>";
		};
		9B0D32561FD0D652006F7805 /* Extensions */ = {
			isa = PBXGroup;
			children = (
				9B0D32571FD0D65E006F7805 /* UIViewExt.swift */,
			);
			path = Extensions;
			sourceTree = "<group>";
		};
/* End PBXGroup section */

/* Begin PBXNativeTarget section */
		9B0D322C1FD07F1C006F7805 /* htchhkr-dev */ = {
			isa = PBXNativeTarget;
			buildConfigurationList = 9B0D323F1FD07F1C006F7805 /* Build configuration list for PBXNativeTarget "htchhkr-dev" */;
			buildPhases = (
				0AAC3F94B408FE5708B3E988 /* [CP] Check Pods Manifest.lock */,
				9B0D32291FD07F1C006F7805 /* Sources */,
				9B0D322A1FD07F1C006F7805 /* Frameworks */,
				9B0D322B1FD07F1C006F7805 /* Resources */,
				7FD8353E2409D74F8966E8F1 /* [CP] Embed Pods Frameworks */,
				18111DCEA082075367912776 /* [CP] Copy Pods Resources */,
			);
			buildRules = (
			);
			dependencies = (
			);
			name = "htchhkr-dev";
			productName = "htchhkr-dev";
			productReference = 9B0D322D1FD07F1C006F7805 /* htchhkr-dev.app */;
			productType = "com.apple.product-type.application";
		};
/* End PBXNativeTarget section */

/* Begin PBXProject section */
		9B0D32251FD07F1C006F7805 /* Project object */ = {
			isa = PBXProject;
			attributes = {
				LastSwiftUpdateCheck = 0910;
				LastUpgradeCheck = 0910;
				ORGANIZATIONNAME = "Craunic Productions";
				TargetAttributes = {
					9B0D322C1FD07F1C006F7805 = {
						CreatedOnToolsVersion = 9.1;
						ProvisioningStyle = Automatic;
					};
				};
			};
			buildConfigurationList = 9B0D32281FD07F1C006F7805 /* Build configuration list for PBXProject "htchhkr-dev" */;
			compatibilityVersion = "Xcode 8.0";
			developmentRegion = en;
			hasScannedForEncodings = 0;
			knownRegions = (
				en,
				Base,
			);
			mainGroup = 9B0D32241FD07F1C006F7805;
			productRefGroup = 9B0D322E1FD07F1C006F7805 /* Products */;
			projectDirPath = "";
			projectRoot = "";
			targets = (
				9B0D322C1FD07F1C006F7805 /* htchhkr-dev */,
			);
		};
/* End PBXProject section */

/* Begin PBXResourcesBuildPhase section */
		9B0D322B1FD07F1C006F7805 /* Resources */ = {
			isa = PBXResourcesBuildPhase;
			buildActionMask = 2147483647;
			files = (
				9B0D323B1FD07F1C006F7805 /* LaunchScreen.storyboard in Resources */,
				9B0D325E1FD0EEAC006F7805 /* GoogleService-Info.plist in Resources */,
				9B0D32381FD07F1C006F7805 /* Assets.xcassets in Resources */,
				9B0D32361FD07F1C006F7805 /* Main.storyboard in Resources */,
			);
			runOnlyForDeploymentPostprocessing = 0;
		};
/* End PBXResourcesBuildPhase section */

/* Begin PBXShellScriptBuildPhase section */
		0AAC3F94B408FE5708B3E988 /* [CP] Check Pods Manifest.lock */ = {
			isa = PBXShellScriptBuildPhase;
			buildActionMask = 2147483647;
			files = (
			);
			inputPaths = (
			);
			name = "[CP] Check Pods Manifest.lock";
			outputPaths = (
			);
			runOnlyForDeploymentPostprocessing = 0;
			shellPath = /bin/sh;
			shellScript = "diff \"${PODS_ROOT}/../Podfile.lock\" \"${PODS_ROOT}/Manifest.lock\" > /dev/null\nif [ $? != 0 ] ; then\n    # print error to STDERR\n    echo \"error: The sandbox is not in sync with the Podfile.lock. Run 'pod install' or update your CocoaPods installation.\" >&2\n    exit 1\nfi\n";
			showEnvVarsInLog = 0;
		};
		18111DCEA082075367912776 /* [CP] Copy Pods Resources */ = {
			isa = PBXShellScriptBuildPhase;
			buildActionMask = 2147483647;
			files = (
			);
			inputPaths = (
			);
			name = "[CP] Copy Pods Resources";
			outputPaths = (
			);
			runOnlyForDeploymentPostprocessing = 0;
			shellPath = /bin/sh;
			shellScript = "\"${SRCROOT}/Pods/Target Support Files/Pods-htchhkr-dev/Pods-htchhkr-dev-resources.sh\"\n";
			showEnvVarsInLog = 0;
		};
		7FD8353E2409D74F8966E8F1 /* [CP] Embed Pods Frameworks */ = {
			isa = PBXShellScriptBuildPhase;
			buildActionMask = 2147483647;
			files = (
			);
			inputPaths = (
			);
			name = "[CP] Embed Pods Frameworks";
			outputPaths = (
			);
			runOnlyForDeploymentPostprocessing = 0;
			shellPath = /bin/sh;
			shellScript = "\"${SRCROOT}/Pods/Target Support Files/Pods-htchhkr-dev/Pods-htchhkr-dev-frameworks.sh\"\n";
			showEnvVarsInLog = 0;
		};
/* End PBXShellScriptBuildPhase section */

/* Begin PBXSourcesBuildPhase section */
		9B0D32291FD07F1C006F7805 /* Sources */ = {
			isa = PBXSourcesBuildPhase;
			buildActionMask = 2147483647;
			files = (
				9B0D32551FD0A39C006F7805 /* CenterVCDelegate.swift in Sources */,
				9B0D324E1FD0946A006F7805 /* RoundedShadowButton.swift in Sources */,
				9B0D325A1FD0D84B006F7805 /* LoginVC.swift in Sources */,
				9B0D325C1FD0E0E3006F7805 /* RoundedTextField.swift in Sources */,
				9B0D324C1FD09305006F7805 /* CircleView.swift in Sources */,
				9B0D32331FD07F1C006F7805 /* HomeVC.swift in Sources */,
				9B0D32521FD0A165006F7805 /* ContainerVC.swift in Sources */,
				9B0D32581FD0D65E006F7805 /* UIViewExt.swift in Sources */,
				9B0D32481FD091C9006F7805 /* RoundImageView.swift in Sources */,
				9B0D324A1FD0925C006F7805 /* RoundedShadowView.swift in Sources */,
				9B0D32501FD0A0FD006F7805 /* MenuVC.swift in Sources */,
				9B0D32311FD07F1C006F7805 /* AppDelegate.swift in Sources */,
				9B0D32461FD08D96006F7805 /* GradientView.swift in Sources */,
			);
			runOnlyForDeploymentPostprocessing = 0;
		};
/* End PBXSourcesBuildPhase section */

/* Begin PBXVariantGroup section */
		9B0D32341FD07F1C006F7805 /* Main.storyboard */ = {
			isa = PBXVariantGroup;
			children = (
				9B0D32351FD07F1C006F7805 /* Base */,
			);
			name = Main.storyboard;
			sourceTree = "<group>";
		};
		9B0D32391FD07F1C006F7805 /* LaunchScreen.storyboard */ = {
			isa = PBXVariantGroup;
			children = (
				9B0D323A1FD07F1C006F7805 /* Base */,
			);
			name = LaunchScreen.storyboard;
			sourceTree = "<group>";
		};
/* End PBXVariantGroup section */

/* Begin XCBuildConfiguration section */
		9B0D323D1FD07F1C006F7805 /* Debug */ = {
			isa = XCBuildConfiguration;
			buildSettings = {
				ALWAYS_SEARCH_USER_PATHS = NO;
				CLANG_ANALYZER_NONNULL = YES;
				CLANG_ANALYZER_NUMBER_OBJECT_CONVERSION = YES_AGGRESSIVE;
				CLANG_CXX_LANGUAGE_STANDARD = "gnu++14";
				CLANG_CXX_LIBRARY = "libc++";
				CLANG_ENABLE_MODULES = YES;
				CLANG_ENABLE_OBJC_ARC = YES;
				CLANG_WARN_BLOCK_CAPTURE_AUTORELEASING = YES;
				CLANG_WARN_BOOL_CONVERSION = YES;
				CLANG_WARN_COMMA = YES;
				CLANG_WARN_CONSTANT_CONVERSION = YES;
				CLANG_WARN_DIRECT_OBJC_ISA_USAGE = YES_ERROR;
				CLANG_WARN_DOCUMENTATION_COMMENTS = YES;
				CLANG_WARN_EMPTY_BODY = YES;
				CLANG_WARN_ENUM_CONVERSION = YES;
				CLANG_WARN_INFINITE_RECURSION = YES;
				CLANG_WARN_INT_CONVERSION = YES;
				CLANG_WARN_NON_LITERAL_NULL_CONVERSION = YES;
				CLANG_WARN_OBJC_LITERAL_CONVERSION = YES;
				CLANG_WARN_OBJC_ROOT_CLASS = YES_ERROR;
				CLANG_WARN_RANGE_LOOP_ANALYSIS = YES;
				CLANG_WARN_STRICT_PROTOTYPES = YES;
				CLANG_WARN_SUSPICIOUS_MOVE = YES;
				CLANG_WARN_UNGUARDED_AVAILABILITY = YES_AGGRESSIVE;
				CLANG_WARN_UNREACHABLE_CODE = YES;
				CLANG_WARN__DUPLICATE_METHOD_MATCH = YES;
				CODE_SIGN_IDENTITY = "iPhone Developer";
				COPY_PHASE_STRIP = NO;
				DEBUG_INFORMATION_FORMAT = dwarf;
				ENABLE_STRICT_OBJC_MSGSEND = YES;
				ENABLE_TESTABILITY = YES;
				GCC_C_LANGUAGE_STANDARD = gnu11;
				GCC_DYNAMIC_NO_PIC = NO;
				GCC_NO_COMMON_BLOCKS = YES;
				GCC_OPTIMIZATION_LEVEL = 0;
				GCC_PREPROCESSOR_DEFINITIONS = (
					"DEBUG=1",
					"$(inherited)",
				);
				GCC_WARN_64_TO_32_BIT_CONVERSION = YES;
				GCC_WARN_ABOUT_RETURN_TYPE = YES_ERROR;
				GCC_WARN_UNDECLARED_SELECTOR = YES;
				GCC_WARN_UNINITIALIZED_AUTOS = YES_AGGRESSIVE;
				GCC_WARN_UNUSED_FUNCTION = YES;
				GCC_WARN_UNUSED_VARIABLE = YES;
				IPHONEOS_DEPLOYMENT_TARGET = 11.1;
				MTL_ENABLE_DEBUG_INFO = YES;
				ONLY_ACTIVE_ARCH = YES;
				SDKROOT = iphoneos;
				SWIFT_ACTIVE_COMPILATION_CONDITIONS = DEBUG;
				SWIFT_OPTIMIZATION_LEVEL = "-Onone";
			};
			name = Debug;
		};
		9B0D323E1FD07F1C006F7805 /* Release */ = {
			isa = XCBuildConfiguration;
			buildSettings = {
				ALWAYS_SEARCH_USER_PATHS = NO;
				CLANG_ANALYZER_NONNULL = YES;
				CLANG_ANALYZER_NUMBER_OBJECT_CONVERSION = YES_AGGRESSIVE;
				CLANG_CXX_LANGUAGE_STANDARD = "gnu++14";
				CLANG_CXX_LIBRARY = "libc++";
				CLANG_ENABLE_MODULES = YES;
				CLANG_ENABLE_OBJC_ARC = YES;
				CLANG_WARN_BLOCK_CAPTURE_AUTORELEASING = YES;
				CLANG_WARN_BOOL_CONVERSION = YES;
				CLANG_WARN_COMMA = YES;
				CLANG_WARN_CONSTANT_CONVERSION = YES;
				CLANG_WARN_DIRECT_OBJC_ISA_USAGE = YES_ERROR;
				CLANG_WARN_DOCUMENTATION_COMMENTS = YES;
				CLANG_WARN_EMPTY_BODY = YES;
				CLANG_WARN_ENUM_CONVERSION = YES;
				CLANG_WARN_INFINITE_RECURSION = YES;
				CLANG_WARN_INT_CONVERSION = YES;
				CLANG_WARN_NON_LITERAL_NULL_CONVERSION = YES;
				CLANG_WARN_OBJC_LITERAL_CONVERSION = YES;
				CLANG_WARN_OBJC_ROOT_CLASS = YES_ERROR;
				CLANG_WARN_RANGE_LOOP_ANALYSIS = YES;
				CLANG_WARN_STRICT_PROTOTYPES = YES;
				CLANG_WARN_SUSPICIOUS_MOVE = YES;
				CLANG_WARN_UNGUARDED_AVAILABILITY = YES_AGGRESSIVE;
				CLANG_WARN_UNREACHABLE_CODE = YES;
				CLANG_WARN__DUPLICATE_METHOD_MATCH = YES;
				CODE_SIGN_IDENTITY = "iPhone Developer";
				COPY_PHASE_STRIP = NO;
				DEBUG_INFORMATION_FORMAT = "dwarf-with-dsym";
				ENABLE_NS_ASSERTIONS = NO;
				ENABLE_STRICT_OBJC_MSGSEND = YES;
				GCC_C_LANGUAGE_STANDARD = gnu11;
				GCC_NO_COMMON_BLOCKS = YES;
				GCC_WARN_64_TO_32_BIT_CONVERSION = YES;
				GCC_WARN_ABOUT_RETURN_TYPE = YES_ERROR;
				GCC_WARN_UNDECLARED_SELECTOR = YES;
				GCC_WARN_UNINITIALIZED_AUTOS = YES_AGGRESSIVE;
				GCC_WARN_UNUSED_FUNCTION = YES;
				GCC_WARN_UNUSED_VARIABLE = YES;
				IPHONEOS_DEPLOYMENT_TARGET = 11.1;
				MTL_ENABLE_DEBUG_INFO = NO;
				SDKROOT = iphoneos;
				SWIFT_OPTIMIZATION_LEVEL = "-Owholemodule";
				VALIDATE_PRODUCT = YES;
			};
			name = Release;
		};
		9B0D32401FD07F1C006F7805 /* Debug */ = {
			isa = XCBuildConfiguration;
			baseConfigurationReference = 6EB3E76B9F4E323607260FAC /* Pods-htchhkr-dev.debug.xcconfig */;
			buildSettings = {
				ASSETCATALOG_COMPILER_APPICON_NAME = AppIcon;
				CODE_SIGN_STYLE = Automatic;
				DEVELOPMENT_TEAM = 96SB47X67B;
				INFOPLIST_FILE = "htchhkr-dev/Info.plist";
				LD_RUNPATH_SEARCH_PATHS = "$(inherited) @executable_path/Frameworks";
				PRODUCT_BUNDLE_IDENTIFIER = "com.CraunicProductions.htchhkr-dev";
				PRODUCT_NAME = "$(TARGET_NAME)";
				SWIFT_VERSION = 4.0;
				TARGETED_DEVICE_FAMILY = "1,2";
			};
			name = Debug;
		};
		9B0D32411FD07F1C006F7805 /* Release */ = {
			isa = XCBuildConfiguration;
			baseConfigurationReference = 69D0F821074AF6B62FC0B5A7 /* Pods-htchhkr-dev.release.xcconfig */;
			buildSettings = {
				ASSETCATALOG_COMPILER_APPICON_NAME = AppIcon;
				CODE_SIGN_STYLE = Automatic;
				DEVELOPMENT_TEAM = 96SB47X67B;
				INFOPLIST_FILE = "htchhkr-dev/Info.plist";
				LD_RUNPATH_SEARCH_PATHS = "$(inherited) @executable_path/Frameworks";
				PRODUCT_BUNDLE_IDENTIFIER = "com.CraunicProductions.htchhkr-dev";
				PRODUCT_NAME = "$(TARGET_NAME)";
				SWIFT_VERSION = 4.0;
				TARGETED_DEVICE_FAMILY = "1,2";
			};
			name = Release;
		};
/* End XCBuildConfiguration section */

/* Begin XCConfigurationList section */
		9B0D32281FD07F1C006F7805 /* Build configuration list for PBXProject "htchhkr-dev" */ = {
			isa = XCConfigurationList;
			buildConfigurations = (
				9B0D323D1FD07F1C006F7805 /* Debug */,
				9B0D323E1FD07F1C006F7805 /* Release */,
			);
			defaultConfigurationIsVisible = 0;
			defaultConfigurationName = Release;
		};
		9B0D323F1FD07F1C006F7805 /* Build configuration list for PBXNativeTarget "htchhkr-dev" */ = {
			isa = XCConfigurationList;
			buildConfigurations = (
				9B0D32401FD07F1C006F7805 /* Debug */,
				9B0D32411FD07F1C006F7805 /* Release */,
			);
			defaultConfigurationIsVisible = 0;
			defaultConfigurationName = Release;
		};
/* End XCConfigurationList section */
	};
	rootObject = 9B0D32251FD07F1C006F7805 /* Project object */;
}
